
Microsoft Visual Studio Solution File, Format Version 12.00
# Visual Studio Version 16
VisualStudioVersion = 16.0.29102.190
MinimumVisualStudioVersion = 10.0.40219.1
Project("{FAE04EC0-301F-11D3-BF4B-00C04F79EFBC}") = "RAPSystem", "WpfApp1\RAPSystem.csproj", "{00EB82DF-C009-4E14-8C6D-5259D938A827}"
EndProject
Global
	GlobalSection(SolutionConfigurationPlatforms) = preSolution
		Debug|Any CPU = Debug|Any CPU
		Release|Any CPU = Release|Any CPU
	EndGlobalSection
	GlobalSection(ProjectConfigurationPlatforms) = postSolution
		{00EB82DF-C009-4E14-8C6D-5259D938A827}.Debug|Any CPU.ActiveCfg = Debug|Any CPU
		{00EB82DF-C009-4E14-8C6D-5259D938A827}.Debug|Any CPU.Build.0 = Debug|Any CPU
		{00EB82DF-C009-4E14-8C6D-5259D938A827}.Release|Any CPU.ActiveCfg = Release|Any CPU
		{00EB82DF-C009-4E14-8C6D-5259D938A827}.Release|Any CPU.Build.0 = Release|Any CPU
	EndGlobalSection
	GlobalSection(SolutionProperties) = preSolution
		HideSolutionNode = FALSE
	EndGlobalSection
	GlobalSection(ExtensibilityGlobals) = postSolution
		SolutionGuid = {6E440B94-399C-4F7C-B16E-FAFE281FF2B9}
	EndGlobalSection
EndGlobal
